
Microsoft Visual Studio Solution File, Format Version 12.00
# Visual Studio Version 16
VisualStudioVersion = 16.0.30114.105
MinimumVisualStudioVersion = 15.0.26124.0
Project("{2150E333-8FDC-42A3-9474-1A3956D46DE8}") = "src", "src", "{530E88B5-DA0E-4710-BEA1-EAB696471A1A}"
EndProject
Project("{9A19103F-16F7-4668-BE54-9A1E7A4F7556}") = "PizzaMenu.API", "src\PizzaMenu.API\PizzaMenu.API.csproj", "{7A9862EE-1299-42F8-9D3E-992F5128D22E}"
EndProject
Project("{9A19103F-16F7-4668-BE54-9A1E7A4F7556}") = "PizzaMenu.Domain", "src\PizzaMenu.Domain\PizzaMenu.Domain.csproj", "{B2432E69-B159-46BF-8A97-6C63C305BA87}"
EndProject
Project("{9A19103F-16F7-4668-BE54-9A1E7A4F7556}") = "PizzaMenu.Infrastructure", "src\PizzaMenu.Infrastructure\PizzaMenu.Infrastructure.csproj", "{48287A0C-6D2D-4EC2-A510-56ADBD721E57}"
EndProject
Project("{2150E333-8FDC-42A3-9474-1A3956D46DE8}") = "tests", "tests", "{95215232-42A1-440E-904E-70564CCBF5DC}"
EndProject
Project("{9A19103F-16F7-4668-BE54-9A1E7A4F7556}") = "PizzaMenu.Infrastructure.Tests", "tests\PizzaMenu.Infrastructure.Tests\PizzaMenu.Infrastructure.Tests.csproj", "{9DD3C40A-B7B5-4E3B-86C4-9C981A428EBC}"
EndProject
Project("{9A19103F-16F7-4668-BE54-9A1E7A4F7556}") = "PizzaMenu.InfrastructureSP", "src\PizzaMenu.InfrastructureSP\PizzaMenu.InfrastructureSP.csproj", "{DA0EE6B4-7044-40B2-B844-E82C90A199CE}"
EndProject
Project("{9A19103F-16F7-4668-BE54-9A1E7A4F7556}") = "PizzaMenu.Fixtures", "tests\PizzaMenu.Fixtures\PizzaMenu.Fixtures.csproj", "{405A4338-A400-46DC-BB4D-2562C3C883F1}"
EndProject
Project("{FAE04EC0-301F-11D3-BF4B-00C04F79EFBC}") = "PizzaMenu.Domain.Tests", "tests\PizzaMenu.Domain.Tests\PizzaMenu.Domain.Tests.csproj", "{9126218C-C7B5-4C08-B687-918555CD21B9}"
EndProject
Project("{FAE04EC0-301F-11D3-BF4B-00C04F79EFBC}") = "PizzaMenu.API.Tests", "tests\PizzaMenu.API.Tests\PizzaMenu.API.Tests.csproj", "{75043D4E-5F1F-4FAD-A540-483155967873}"
EndProject
Global
	GlobalSection(SolutionConfigurationPlatforms) = preSolution
		Debug|Any CPU = Debug|Any CPU
		Debug|x64 = Debug|x64
		Debug|x86 = Debug|x86
		Release|Any CPU = Release|Any CPU
		Release|x64 = Release|x64
		Release|x86 = Release|x86
	EndGlobalSection
	GlobalSection(ProjectConfigurationPlatforms) = postSolution
		{7A9862EE-1299-42F8-9D3E-992F5128D22E}.Debug|Any CPU.ActiveCfg = Debug|Any CPU
		{7A9862EE-1299-42F8-9D3E-992F5128D22E}.Debug|Any CPU.Build.0 = Debug|Any CPU
		{7A9862EE-1299-42F8-9D3E-992F5128D22E}.Debug|x64.ActiveCfg = Debug|Any CPU
		{7A9862EE-1299-42F8-9D3E-992F5128D22E}.Debug|x64.Build.0 = Debug|Any CPU
		{7A9862EE-1299-42F8-9D3E-992F5128D22E}.Debug|x86.ActiveCfg = Debug|Any CPU
		{7A9862EE-1299-42F8-9D3E-992F5128D22E}.Debug|x86.Build.0 = Debug|Any CPU
		{7A9862EE-1299-42F8-9D3E-992F5128D22E}.Release|Any CPU.ActiveCfg = Release|Any CPU
		{7A9862EE-1299-42F8-9D3E-992F5128D22E}.Release|Any CPU.Build.0 = Release|Any CPU
		{7A9862EE-1299-42F8-9D3E-992F5128D22E}.Release|x64.ActiveCfg = Release|Any CPU
		{7A9862EE-1299-42F8-9D3E-992F5128D22E}.Release|x64.Build.0 = Release|Any CPU
		{7A9862EE-1299-42F8-9D3E-992F5128D22E}.Release|x86.ActiveCfg = Release|Any CPU
		{7A9862EE-1299-42F8-9D3E-992F5128D22E}.Release|x86.Build.0 = Release|Any CPU
		{B2432E69-B159-46BF-8A97-6C63C305BA87}.Debug|Any CPU.ActiveCfg = Debug|Any CPU
		{B2432E69-B159-46BF-8A97-6C63C305BA87}.Debug|Any CPU.Build.0 = Debug|Any CPU
		{B2432E69-B159-46BF-8A97-6C63C305BA87}.Debug|x64.ActiveCfg = Debug|Any CPU
		{B2432E69-B159-46BF-8A97-6C63C305BA87}.Debug|x64.Build.0 = Debug|Any CPU
		{B2432E69-B159-46BF-8A97-6C63C305BA87}.Debug|x86.ActiveCfg = Debug|Any CPU
		{B2432E69-B159-46BF-8A97-6C63C305BA87}.Debug|x86.Build.0 = Debug|Any CPU
		{B2432E69-B159-46BF-8A97-6C63C305BA87}.Release|Any CPU.ActiveCfg = Release|Any CPU
		{B2432E69-B159-46BF-8A97-6C63C305BA87}.Release|Any CPU.Build.0 = Release|Any CPU
		{B2432E69-B159-46BF-8A97-6C63C305BA87}.Release|x64.ActiveCfg = Release|Any CPU
		{B2432E69-B159-46BF-8A97-6C63C305BA87}.Release|x64.Build.0 = Release|Any CPU
		{B2432E69-B159-46BF-8A97-6C63C305BA87}.Release|x86.ActiveCfg = Release|Any CPU
		{B2432E69-B159-46BF-8A97-6C63C305BA87}.Release|x86.Build.0 = Release|Any CPU
		{48287A0C-6D2D-4EC2-A510-56ADBD721E57}.Debug|Any CPU.ActiveCfg = Debug|Any CPU
		{48287A0C-6D2D-4EC2-A510-56ADBD721E57}.Debug|Any CPU.Build.0 = Debug|Any CPU
		{48287A0C-6D2D-4EC2-A510-56ADBD721E57}.Debug|x64.ActiveCfg = Debug|Any CPU
		{48287A0C-6D2D-4EC2-A510-56ADBD721E57}.Debug|x64.Build.0 = Debug|Any CPU
		{48287A0C-6D2D-4EC2-A510-56ADBD721E57}.Debug|x86.ActiveCfg = Debug|Any CPU
		{48287A0C-6D2D-4EC2-A510-56ADBD721E57}.Debug|x86.Build.0 = Debug|Any CPU
		{48287A0C-6D2D-4EC2-A510-56ADBD721E57}.Release|Any CPU.ActiveCfg = Release|Any CPU
		{48287A0C-6D2D-4EC2-A510-56ADBD721E57}.Release|Any CPU.Build.0 = Release|Any CPU
		{48287A0C-6D2D-4EC2-A510-56ADBD721E57}.Release|x64.ActiveCfg = Release|Any CPU
		{48287A0C-6D2D-4EC2-A510-56ADBD721E57}.Release|x64.Build.0 = Release|Any CPU
		{48287A0C-6D2D-4EC2-A510-56ADBD721E57}.Release|x86.ActiveCfg = Release|Any CPU
		{48287A0C-6D2D-4EC2-A510-56ADBD721E57}.Release|x86.Build.0 = Release|Any CPU
		{9DD3C40A-B7B5-4E3B-86C4-9C981A428EBC}.Debug|Any CPU.ActiveCfg = Debug|Any CPU
		{9DD3C40A-B7B5-4E3B-86C4-9C981A428EBC}.Debug|Any CPU.Build.0 = Debug|Any CPU
		{9DD3C40A-B7B5-4E3B-86C4-9C981A428EBC}.Debug|x64.ActiveCfg = Debug|Any CPU
		{9DD3C40A-B7B5-4E3B-86C4-9C981A428EBC}.Debug|x64.Build.0 = Debug|Any CPU
		{9DD3C40A-B7B5-4E3B-86C4-9C981A428EBC}.Debug|x86.ActiveCfg = Debug|Any CPU
		{9DD3C40A-B7B5-4E3B-86C4-9C981A428EBC}.Debug|x86.Build.0 = Debug|Any CPU
		{9DD3C40A-B7B5-4E3B-86C4-9C981A428EBC}.Release|Any CPU.ActiveCfg = Release|Any CPU
		{9DD3C40A-B7B5-4E3B-86C4-9C981A428EBC}.Release|Any CPU.Build.0 = Release|Any CPU
		{9DD3C40A-B7B5-4E3B-86C4-9C981A428EBC}.Release|x64.ActiveCfg = Release|Any CPU
		{9DD3C40A-B7B5-4E3B-86C4-9C981A428EBC}.Release|x64.Build.0 = Release|Any CPU
		{9DD3C40A-B7B5-4E3B-86C4-9C981A428EBC}.Release|x86.ActiveCfg = Release|Any CPU
		{9DD3C40A-B7B5-4E3B-86C4-9C981A428EBC}.Release|x86.Build.0 = Release|Any CPU
		{DA0EE6B4-7044-40B2-B844-E82C90A199CE}.Debug|Any CPU.ActiveCfg = Debug|Any CPU
		{DA0EE6B4-7044-40B2-B844-E82C90A199CE}.Debug|Any CPU.Build.0 = Debug|Any CPU
		{DA0EE6B4-7044-40B2-B844-E82C90A199CE}.Debug|x64.ActiveCfg = Debug|Any CPU
		{DA0EE6B4-7044-40B2-B844-E82C90A199CE}.Debug|x64.Build.0 = Debug|Any CPU
		{DA0EE6B4-7044-40B2-B844-E82C90A199CE}.Debug|x86.ActiveCfg = Debug|Any CPU
		{DA0EE6B4-7044-40B2-B844-E82C90A199CE}.Debug|x86.Build.0 = Debug|Any CPU
		{DA0EE6B4-7044-40B2-B844-E82C90A199CE}.Release|Any CPU.ActiveCfg = Release|Any CPU
		{DA0EE6B4-7044-40B2-B844-E82C90A199CE}.Release|Any CPU.Build.0 = Release|Any CPU
		{DA0EE6B4-7044-40B2-B844-E82C90A199CE}.Release|x64.ActiveCfg = Release|Any CPU
		{DA0EE6B4-7044-40B2-B844-E82C90A199CE}.Release|x64.Build.0 = Release|Any CPU
		{DA0EE6B4-7044-40B2-B844-E82C90A199CE}.Release|x86.ActiveCfg = Release|Any CPU
		{DA0EE6B4-7044-40B2-B844-E82C90A199CE}.Release|x86.Build.0 = Release|Any CPU
		{405A4338-A400-46DC-BB4D-2562C3C883F1}.Debug|Any CPU.ActiveCfg = Debug|Any CPU
		{405A4338-A400-46DC-BB4D-2562C3C883F1}.Debug|Any CPU.Build.0 = Debug|Any CPU
		{405A4338-A400-46DC-BB4D-2562C3C883F1}.Debug|x64.ActiveCfg = Debug|Any CPU
		{405A4338-A400-46DC-BB4D-2562C3C883F1}.Debug|x64.Build.0 = Debug|Any CPU
		{405A4338-A400-46DC-BB4D-2562C3C883F1}.Debug|x86.ActiveCfg = Debug|Any CPU
		{405A4338-A400-46DC-BB4D-2562C3C883F1}.Debug|x86.Build.0 = Debug|Any CPU
		{405A4338-A400-46DC-BB4D-2562C3C883F1}.Release|Any CPU.ActiveCfg = Release|Any CPU
		{405A4338-A400-46DC-BB4D-2562C3C883F1}.Release|Any CPU.Build.0 = Release|Any CPU
		{405A4338-A400-46DC-BB4D-2562C3C883F1}.Release|x64.ActiveCfg = Release|Any CPU
		{405A4338-A400-46DC-BB4D-2562C3C883F1}.Release|x64.Build.0 = Release|Any CPU
		{405A4338-A400-46DC-BB4D-2562C3C883F1}.Release|x86.ActiveCfg = Release|Any CPU
		{405A4338-A400-46DC-BB4D-2562C3C883F1}.Release|x86.Build.0 = Release|Any CPU
		{9126218C-C7B5-4C08-B687-918555CD21B9}.Debug|Any CPU.ActiveCfg = Debug|Any CPU
		{9126218C-C7B5-4C08-B687-918555CD21B9}.Debug|Any CPU.Build.0 = Debug|Any CPU
		{9126218C-C7B5-4C08-B687-918555CD21B9}.Debug|x64.ActiveCfg = Debug|Any CPU
		{9126218C-C7B5-4C08-B687-918555CD21B9}.Debug|x64.Build.0 = Debug|Any CPU
		{9126218C-C7B5-4C08-B687-918555CD21B9}.Debug|x86.ActiveCfg = Debug|Any CPU
		{9126218C-C7B5-4C08-B687-918555CD21B9}.Debug|x86.Build.0 = Debug|Any CPU
		{9126218C-C7B5-4C08-B687-918555CD21B9}.Release|Any CPU.ActiveCfg = Release|Any CPU
		{9126218C-C7B5-4C08-B687-918555CD21B9}.Release|Any CPU.Build.0 = Release|Any CPU
		{9126218C-C7B5-4C08-B687-918555CD21B9}.Release|x64.ActiveCfg = Release|Any CPU
		{9126218C-C7B5-4C08-B687-918555CD21B9}.Release|x64.Build.0 = Release|Any CPU
		{9126218C-C7B5-4C08-B687-918555CD21B9}.Release|x86.ActiveCfg = Release|Any CPU
		{9126218C-C7B5-4C08-B687-918555CD21B9}.Release|x86.Build.0 = Release|Any CPU
		{75043D4E-5F1F-4FAD-A540-483155967873}.Debug|Any CPU.ActiveCfg = Debug|Any CPU
		{75043D4E-5F1F-4FAD-A540-483155967873}.Debug|Any CPU.Build.0 = Debug|Any CPU
		{75043D4E-5F1F-4FAD-A540-483155967873}.Debug|x64.ActiveCfg = Debug|Any CPU
		{75043D4E-5F1F-4FAD-A540-483155967873}.Debug|x64.Build.0 = Debug|Any CPU
		{75043D4E-5F1F-4FAD-A540-483155967873}.Debug|x86.ActiveCfg = Debug|Any CPU
		{75043D4E-5F1F-4FAD-A540-483155967873}.Debug|x86.Build.0 = Debug|Any CPU
		{75043D4E-5F1F-4FAD-A540-483155967873}.Release|Any CPU.ActiveCfg = Release|Any CPU
		{75043D4E-5F1F-4FAD-A540-483155967873}.Release|Any CPU.Build.0 = Release|Any CPU
		{75043D4E-5F1F-4FAD-A540-483155967873}.Release|x64.ActiveCfg = Release|Any CPU
		{75043D4E-5F1F-4FAD-A540-483155967873}.Release|x64.Build.0 = Release|Any CPU
		{75043D4E-5F1F-4FAD-A540-483155967873}.Release|x86.ActiveCfg = Release|Any CPU
		{75043D4E-5F1F-4FAD-A540-483155967873}.Release|x86.Build.0 = Release|Any CPU
	EndGlobalSection
	GlobalSection(SolutionProperties) = preSolution
		HideSolutionNode = FALSE
	EndGlobalSection
	GlobalSection(NestedProjects) = preSolution
		{7A9862EE-1299-42F8-9D3E-992F5128D22E} = {530E88B5-DA0E-4710-BEA1-EAB696471A1A}
		{B2432E69-B159-46BF-8A97-6C63C305BA87} = {530E88B5-DA0E-4710-BEA1-EAB696471A1A}
		{48287A0C-6D2D-4EC2-A510-56ADBD721E57} = {530E88B5-DA0E-4710-BEA1-EAB696471A1A}
		{9DD3C40A-B7B5-4E3B-86C4-9C981A428EBC} = {95215232-42A1-440E-904E-70564CCBF5DC}
		{DA0EE6B4-7044-40B2-B844-E82C90A199CE} = {530E88B5-DA0E-4710-BEA1-EAB696471A1A}
		{405A4338-A400-46DC-BB4D-2562C3C883F1} = {95215232-42A1-440E-904E-70564CCBF5DC}
		{9126218C-C7B5-4C08-B687-918555CD21B9} = {95215232-42A1-440E-904E-70564CCBF5DC}
		{75043D4E-5F1F-4FAD-A540-483155967873} = {95215232-42A1-440E-904E-70564CCBF5DC}
	EndGlobalSection
	GlobalSection(ExtensibilityGlobals) = postSolution
		SolutionGuid = {C4D4B6EF-5656-4714-A4F6-6A6A86DCB08E}
	EndGlobalSection
EndGlobal
